
Microsoft Visual Studio Solution File, Format Version 12.00
# Visual Studio Version 16
VisualStudioVersion = 16.0.32929.386
MinimumVisualStudioVersion = 10.0.40219.1
Project("{8BC9CEB8-8B4A-11D0-8D11-00A0C91BC942}") = "ch8_상속", "ch8_상속\ch8_상속.vcxproj", "{A6DC8DBB-865F-4D58-9EBB-10403A2C96AF}"
EndProject
Project("{8BC9CEB8-8B4A-11D0-8D11-00A0C91BC942}") = "rectangle", "rectangle\rectangle.vcxproj", "{037D7E62-C8D5-45B8-8126-D3B9E0BBAD0D}"
EndProject
Global
	GlobalSection(SolutionConfigurationPlatforms) = preSolution
		Debug|x64 = Debug|x64
		Debug|x86 = Debug|x86
		Release|x64 = Release|x64
		Release|x86 = Release|x86
	EndGlobalSection
	GlobalSection(ProjectConfigurationPlatforms) = postSolution
		{A6DC8DBB-865F-4D58-9EBB-10403A2C96AF}.Debug|x64.ActiveCfg = Debug|x64
		{A6DC8DBB-865F-4D58-9EBB-10403A2C96AF}.Debug|x64.Build.0 = Debug|x64
		{A6DC8DBB-865F-4D58-9EBB-10403A2C96AF}.Debug|x86.ActiveCfg = Debug|Win32
		{A6DC8DBB-865F-4D58-9EBB-10403A2C96AF}.Debug|x86.Build.0 = Debug|Win32
		{A6DC8DBB-865F-4D58-9EBB-10403A2C96AF}.Release|x64.ActiveCfg = Release|x64
		{A6DC8DBB-865F-4D58-9EBB-10403A2C96AF}.Release|x64.Build.0 = Release|x64
		{A6DC8DBB-865F-4D58-9EBB-10403A2C96AF}.Release|x86.ActiveCfg = Release|Win32
		{A6DC8DBB-865F-4D58-9EBB-10403A2C96AF}.Release|x86.Build.0 = Release|Win32
		{037D7E62-C8D5-45B8-8126-D3B9E0BBAD0D}.Debug|x64.ActiveCfg = Debug|x64
		{037D7E62-C8D5-45B8-8126-D3B9E0BBAD0D}.Debug|x64.Build.0 = Debug|x64
		{037D7E62-C8D5-45B8-8126-D3B9E0BBAD0D}.Debug|x86.ActiveCfg = Debug|Win32
		{037D7E62-C8D5-45B8-8126-D3B9E0BBAD0D}.Debug|x86.Build.0 = Debug|Win32
		{037D7E62-C8D5-45B8-8126-D3B9E0BBAD0D}.Release|x64.ActiveCfg = Release|x64
		{037D7E62-C8D5-45B8-8126-D3B9E0BBAD0D}.Release|x64.Build.0 = Release|x64
		{037D7E62-C8D5-45B8-8126-D3B9E0BBAD0D}.Release|x86.ActiveCfg = Release|Win32
		{037D7E62-C8D5-45B8-8126-D3B9E0BBAD0D}.Release|x86.Build.0 = Release|Win32
	EndGlobalSection
	GlobalSection(SolutionProperties) = preSolution
		HideSolutionNode = FALSE
	EndGlobalSection
	GlobalSection(ExtensibilityGlobals) = postSolution
		SolutionGuid = {D543A59E-172F-47A1-BBB3-635DAF081791}
	EndGlobalSection
EndGlobal
